
Microsoft Visual Studio Solution File, Format Version 12.00
# Visual Studio Version 17
VisualStudioVersion = 17.0.31903.59
MinimumVisualStudioVersion = 10.0.40219.1
Project("{FAE04EC0-301F-11D3-BF4B-00C04F79EFBC}") = "server", "server.csproj", "{F847BE84-2D0F-427A-8AEC-5F0C9A5E78A1}"
EndProject
Project("{FAE04EC0-301F-11D3-BF4B-00C04F79EFBC}") = "Tests", "Tests\Tests.csproj", "{1761E2FE-1B95-4136-8DB8-6569B5798AC6}"
EndProject
Global
	GlobalSection(SolutionConfigurationPlatforms) = preSolution
		Debug|Any CPU = Debug|Any CPU
		Release|Any CPU = Release|Any CPU
	EndGlobalSection
	GlobalSection(SolutionProperties) = preSolution
		HideSolutionNode = FALSE
	EndGlobalSection
	GlobalSection(ProjectConfigurationPlatforms) = postSolution
		{1761E2FE-1B95-4136-8DB8-6569B5798AC6}.Debug|Any CPU.ActiveCfg = Debug|Any CPU
		{1761E2FE-1B95-4136-8DB8-6569B5798AC6}.Debug|Any CPU.Build.0 = Debug|Any CPU
		{1761E2FE-1B95-4136-8DB8-6569B5798AC6}.Release|Any CPU.ActiveCfg = Release|Any CPU
		{1761E2FE-1B95-4136-8DB8-6569B5798AC6}.Release|Any CPU.Build.0 = Release|Any CPU
		{F847BE84-2D0F-427A-8AEC-5F0C9A5E78A1}.Debug|Any CPU.ActiveCfg = Debug|Any CPU
		{F847BE84-2D0F-427A-8AEC-5F0C9A5E78A1}.Debug|Any CPU.Build.0 = Debug|Any CPU
		{F847BE84-2D0F-427A-8AEC-5F0C9A5E78A1}.Release|Any CPU.ActiveCfg = Release|Any CPU
		{F847BE84-2D0F-427A-8AEC-5F0C9A5E78A1}.Release|Any CPU.Build.0 = Release|Any CPU
	EndGlobalSection
EndGlobal
