
Microsoft Visual Studio Solution File, Format Version 12.00
# Visual Studio Version 17
VisualStudioVersion = 17.0.31903.59
MinimumVisualStudioVersion = 10.0.40219.1
Project("{FAE04EC0-301F-11D3-BF4B-00C04F79EFBC}") = "KoodaamoJukebox.Api", "Api\KoodaamoJukebox.Api.csproj", "{4FA6C641-E32A-4670-8E26-86B4957C8640}"
EndProject
Project("{FAE04EC0-301F-11D3-BF4B-00C04F79EFBC}") = "KoodaamoJukebox.Database", "Database\KoodaamoJukebox.Database.csproj", "{2B1FEB9A-41AC-4598-B04E-1961B9F1F141}"
EndProject
Project("{2150E333-8FDC-42A3-9474-1A3956D46DE8}") = "Tests", "Tests", "{C74DB580-B321-4D38-9068-F4A0D3305FE5}"
EndProject
Project("{FAE04EC0-301F-11D3-BF4B-00C04F79EFBC}") = "KoodaamoJukebox.Api.Tests", "Tests\KoodaamoJukebox.Api.Tests\KoodaamoJukebox.Api.Tests.csproj", "{07761BF5-6A60-4EEB-910A-9366BD70B85C}"
EndProject
Project("{FAE04EC0-301F-11D3-BF4B-00C04F79EFBC}") = "KoodaamoJukebox.Database.Tests", "Tests\KoodaamoJukebox.Database.Tests\KoodaamoJukebox.Database.Tests.csproj", "{9948E292-7230-4F43-901D-B655FECA4913}"
EndProject
Global
	GlobalSection(SolutionConfigurationPlatforms) = preSolution
		Debug|Any CPU = Debug|Any CPU
		Release|Any CPU = Release|Any CPU
	EndGlobalSection
	GlobalSection(SolutionProperties) = preSolution
		HideSolutionNode = FALSE
	EndGlobalSection
	GlobalSection(ProjectConfigurationPlatforms) = postSolution
		{4FA6C641-E32A-4670-8E26-86B4957C8640}.Debug|Any CPU.ActiveCfg = Debug|Any CPU
		{4FA6C641-E32A-4670-8E26-86B4957C8640}.Debug|Any CPU.Build.0 = Debug|Any CPU
		{4FA6C641-E32A-4670-8E26-86B4957C8640}.Release|Any CPU.ActiveCfg = Release|Any CPU
		{4FA6C641-E32A-4670-8E26-86B4957C8640}.Release|Any CPU.Build.0 = Release|Any CPU
		{2B1FEB9A-41AC-4598-B04E-1961B9F1F141}.Debug|Any CPU.ActiveCfg = Debug|Any CPU
		{2B1FEB9A-41AC-4598-B04E-1961B9F1F141}.Debug|Any CPU.Build.0 = Debug|Any CPU
		{2B1FEB9A-41AC-4598-B04E-1961B9F1F141}.Release|Any CPU.ActiveCfg = Release|Any CPU
		{2B1FEB9A-41AC-4598-B04E-1961B9F1F141}.Release|Any CPU.Build.0 = Release|Any CPU
		{07761BF5-6A60-4EEB-910A-9366BD70B85C}.Debug|Any CPU.ActiveCfg = Debug|Any CPU
		{07761BF5-6A60-4EEB-910A-9366BD70B85C}.Debug|Any CPU.Build.0 = Debug|Any CPU
		{07761BF5-6A60-4EEB-910A-9366BD70B85C}.Release|Any CPU.ActiveCfg = Release|Any CPU
		{07761BF5-6A60-4EEB-910A-9366BD70B85C}.Release|Any CPU.Build.0 = Release|Any CPU
		{9948E292-7230-4F43-901D-B655FECA4913}.Debug|Any CPU.ActiveCfg = Debug|Any CPU
		{9948E292-7230-4F43-901D-B655FECA4913}.Debug|Any CPU.Build.0 = Debug|Any CPU
		{9948E292-7230-4F43-901D-B655FECA4913}.Release|Any CPU.ActiveCfg = Release|Any CPU
		{9948E292-7230-4F43-901D-B655FECA4913}.Release|Any CPU.Build.0 = Release|Any CPU
	EndGlobalSection
	GlobalSection(NestedProjects) = preSolution
		{07761BF5-6A60-4EEB-910A-9366BD70B85C} = {C74DB580-B321-4D38-9068-F4A0D3305FE5}
		{9948E292-7230-4F43-901D-B655FECA4913} = {C74DB580-B321-4D38-9068-F4A0D3305FE5}
	EndGlobalSection
EndGlobal
